// !$*UTF8*$!
{
	archiveVersion = 1;
	classes = {
	};
	objectVersion = 50;
	objects = {

/* Begin PBXBuildFile section */
		6C00F32125E92BF6004F84CE /* GraphQLAppApp.swift in Sources */ = {isa = PBXBuildFile; fileRef = 6C00F32025E92BF6004F84CE /* GraphQLAppApp.swift */; };
		6C00F32325E92BF6004F84CE /* ContentView.swift in Sources */ = {isa = PBXBuildFile; fileRef = 6C00F32225E92BF6004F84CE /* ContentView.swift */; };
		6C00F32525E92BF7004F84CE /* Assets.xcassets in Resources */ = {isa = PBXBuildFile; fileRef = 6C00F32425E92BF7004F84CE /* Assets.xcassets */; };
		6C00F32825E92BF7004F84CE /* Preview Assets.xcassets in Resources */ = {isa = PBXBuildFile; fileRef = 6C00F32725E92BF7004F84CE /* Preview Assets.xcassets */; };
		6C00F33325E92BF7004F84CE /* GraphQLAppTests.swift in Sources */ = {isa = PBXBuildFile; fileRef = 6C00F33225E92BF7004F84CE /* GraphQLAppTests.swift */; };
		6C00F33E25E92BF8004F84CE /* GraphQLAppUITests.swift in Sources */ = {isa = PBXBuildFile; fileRef = 6C00F33D25E92BF8004F84CE /* GraphQLAppUITests.swift */; };
		6C855F7B25E9304100ACC998 /* Network.swift in Sources */ = {isa = PBXBuildFile; fileRef = 6C855F7A25E9304100ACC998 /* Network.swift */; };
		6C855F8025E9308100ACC998 /* Book.swift in Sources */ = {isa = PBXBuildFile; fileRef = 6C855F7F25E9308100ACC998 /* Book.swift */; };
		6C855F8725E930E700ACC998 /* Author.swift in Sources */ = {isa = PBXBuildFile; fileRef = 6C855F8625E930E700ACC998 /* Author.swift */; };
		6C855F8F25E9310300ACC998 /* Response.swift in Sources */ = {isa = PBXBuildFile; fileRef = 6C855F8E25E9310300ACC998 /* Response.swift */; };
		6C855F9425E9311000ACC998 /* GraphqlEndpoint.swift in Sources */ = {isa = PBXBuildFile; fileRef = 6C855F9325E9310F00ACC998 /* GraphqlEndpoint.swift */; };
/* End PBXBuildFile section */

/* Begin PBXContainerItemProxy section */
		6C00F32F25E92BF7004F84CE /* PBXContainerItemProxy */ = {
			isa = PBXContainerItemProxy;
			containerPortal = 6C00F31525E92BF6004F84CE /* Project object */;
			proxyType = 1;
			remoteGlobalIDString = 6C00F31C25E92BF6004F84CE;
			remoteInfo = GraphQLApp;
		};
		6C00F33A25E92BF8004F84CE /* PBXContainerItemProxy */ = {
			isa = PBXContainerItemProxy;
			containerPortal = 6C00F31525E92BF6004F84CE /* Project object */;
			proxyType = 1;
			remoteGlobalIDString = 6C00F31C25E92BF6004F84CE;
			remoteInfo = GraphQLApp;
		};
/* End PBXContainerItemProxy section */

/* Begin PBXFileReference section */
		6C00F31D25E92BF6004F84CE /* GraphQLApp.app */ = {isa = PBXFileReference; explicitFileType = wrapper.application; includeInIndex = 0; path = GraphQLApp.app; sourceTree = BUILT_PRODUCTS_DIR; };
		6C00F32025E92BF6004F84CE /* GraphQLAppApp.swift */ = {isa = PBXFileReference; lastKnownFileType = sourcecode.swift; path = GraphQLAppApp.swift; sourceTree = "<group>"; };
		6C00F32225E92BF6004F84CE /* ContentView.swift */ = {isa = PBXFileReference; lastKnownFileType = sourcecode.swift; path = ContentView.swift; sourceTree = "<group>"; };
		6C00F32425E92BF7004F84CE /* Assets.xcassets */ = {isa = PBXFileReference; lastKnownFileType = folder.assetcatalog; path = Assets.xcassets; sourceTree = "<group>"; };
		6C00F32725E92BF7004F84CE /* Preview Assets.xcassets */ = {isa = PBXFileReference; lastKnownFileType = folder.assetcatalog; path = "Preview Assets.xcassets"; sourceTree = "<group>"; };
		6C00F32925E92BF7004F84CE /* Info.plist */ = {isa = PBXFileReference; lastKnownFileType = text.plist.xml; path = Info.plist; sourceTree = "<group>"; };
		6C00F32E25E92BF7004F84CE /* GraphQLAppTests.xctest */ = {isa = PBXFileReference; explicitFileType = wrapper.cfbundle; includeInIndex = 0; path = GraphQLAppTests.xctest; sourceTree = BUILT_PRODUCTS_DIR; };
		6C00F33225E92BF7004F84CE /* GraphQLAppTests.swift */ = {isa = PBXFileReference; lastKnownFileType = sourcecode.swift; path = GraphQLAppTests.swift; sourceTree = "<group>"; };
		6C00F33425E92BF7004F84CE /* Info.plist */ = {isa = PBXFileReference; lastKnownFileType = text.plist.xml; path = Info.plist; sourceTree = "<group>"; };
		6C00F33925E92BF8004F84CE /* GraphQLAppUITests.xctest */ = {isa = PBXFileReference; explicitFileType = wrapper.cfbundle; includeInIndex = 0; path = GraphQLAppUITests.xctest; sourceTree = BUILT_PRODUCTS_DIR; };
		6C00F33D25E92BF8004F84CE /* GraphQLAppUITests.swift */ = {isa = PBXFileReference; lastKnownFileType = sourcecode.swift; path = GraphQLAppUITests.swift; sourceTree = "<group>"; };
		6C00F33F25E92BF8004F84CE /* Info.plist */ = {isa = PBXFileReference; lastKnownFileType = text.plist.xml; path = Info.plist; sourceTree = "<group>"; };
		6C855F7A25E9304100ACC998 /* Network.swift */ = {isa = PBXFileReference; lastKnownFileType = sourcecode.swift; path = Network.swift; sourceTree = "<group>"; };
		6C855F7F25E9308100ACC998 /* Book.swift */ = {isa = PBXFileReference; lastKnownFileType = sourcecode.swift; path = Book.swift; sourceTree = "<group>"; };
		6C855F8625E930E700ACC998 /* Author.swift */ = {isa = PBXFileReference; lastKnownFileType = sourcecode.swift; path = Author.swift; sourceTree = "<group>"; };
		6C855F8E25E9310300ACC998 /* Response.swift */ = {isa = PBXFileReference; lastKnownFileType = sourcecode.swift; path = Response.swift; sourceTree = "<group>"; };
		6C855F9325E9310F00ACC998 /* GraphqlEndpoint.swift */ = {isa = PBXFileReference; lastKnownFileType = sourcecode.swift; path = GraphqlEndpoint.swift; sourceTree = "<group>"; };
/* End PBXFileReference section */

/* Begin PBXFrameworksBuildPhase section */
		6C00F31A25E92BF6004F84CE /* Frameworks */ = {
			isa = PBXFrameworksBuildPhase;
			buildActionMask = 2147483647;
			files = (
			);
			runOnlyForDeploymentPostprocessing = 0;
		};
		6C00F32B25E92BF7004F84CE /* Frameworks */ = {
			isa = PBXFrameworksBuildPhase;
			buildActionMask = 2147483647;
			files = (
			);
			runOnlyForDeploymentPostprocessing = 0;
		};
		6C00F33625E92BF7004F84CE /* Frameworks */ = {
			isa = PBXFrameworksBuildPhase;
			buildActionMask = 2147483647;
			files = (
			);
			runOnlyForDeploymentPostprocessing = 0;
		};
/* End PBXFrameworksBuildPhase section */

/* Begin PBXGroup section */
		6C00F31425E92BF6004F84CE = {
			isa = PBXGroup;
			children = (
				6C00F31F25E92BF6004F84CE /* GraphQLApp */,
				6C00F33125E92BF7004F84CE /* GraphQLAppTests */,
				6C00F33C25E92BF8004F84CE /* GraphQLAppUITests */,
				6C00F31E25E92BF6004F84CE /* Products */,
			);
			sourceTree = "<group>";
		};
		6C00F31E25E92BF6004F84CE /* Products */ = {
			isa = PBXGroup;
			children = (
				6C00F31D25E92BF6004F84CE /* GraphQLApp.app */,
				6C00F32E25E92BF7004F84CE /* GraphQLAppTests.xctest */,
				6C00F33925E92BF8004F84CE /* GraphQLAppUITests.xctest */,
			);
			name = Products;
			sourceTree = "<group>";
		};
		6C00F31F25E92BF6004F84CE /* GraphQLApp */ = {
			isa = PBXGroup;
			children = (
				6C855F9B25E9327000ACC998 /* GraphQL */,
				6C855F8525E930B100ACC998 /* Model */,
				6C00F32025E92BF6004F84CE /* GraphQLAppApp.swift */,
				6C00F32225E92BF6004F84CE /* ContentView.swift */,
				6C00F32425E92BF7004F84CE /* Assets.xcassets */,
				6C00F32925E92BF7004F84CE /* Info.plist */,
				6C00F32625E92BF7004F84CE /* Preview Content */,
			);
			path = GraphQLApp;
			sourceTree = "<group>";
		};
		6C00F32625E92BF7004F84CE /* Preview Content */ = {
			isa = PBXGroup;
			children = (
				6C00F32725E92BF7004F84CE /* Preview Assets.xcassets */,
			);
			path = "Preview Content";
			sourceTree = "<group>";
		};
		6C00F33125E92BF7004F84CE /* GraphQLAppTests */ = {
			isa = PBXGroup;
			children = (
				6C00F33225E92BF7004F84CE /* GraphQLAppTests.swift */,
				6C00F33425E92BF7004F84CE /* Info.plist */,
			);
			path = GraphQLAppTests;
			sourceTree = "<group>";
		};
		6C00F33C25E92BF8004F84CE /* GraphQLAppUITests */ = {
			isa = PBXGroup;
			children = (
				6C00F33D25E92BF8004F84CE /* GraphQLAppUITests.swift */,
				6C00F33F25E92BF8004F84CE /* Info.plist */,
			);
			path = GraphQLAppUITests;
			sourceTree = "<group>";
		};
		6C855F8525E930B100ACC998 /* Model */ = {
			isa = PBXGroup;
			children = (
				6C855F7F25E9308100ACC998 /* Book.swift */,
				6C855F8625E930E700ACC998 /* Author.swift */,
				6C855F8E25E9310300ACC998 /* Response.swift */,
				6C855F9325E9310F00ACC998 /* GraphqlEndpoint.swift */,
			);
			path = Model;
			sourceTree = "<group>";
		};
		6C855F9B25E9327000ACC998 /* GraphQL */ = {
			isa = PBXGroup;
			children = (
				6C855F7A25E9304100ACC998 /* Network.swift */,
			);
			path = GraphQL;
			sourceTree = "<group>";
		};
/* End PBXGroup section */

/* Begin PBXNativeTarget section */
		6C00F31C25E92BF6004F84CE /* GraphQLApp */ = {
			isa = PBXNativeTarget;
			buildConfigurationList = 6C00F34225E92BF8004F84CE /* Build configuration list for PBXNativeTarget "GraphQLApp" */;
			buildPhases = (
				6C00F31925E92BF6004F84CE /* Sources */,
				6C00F31A25E92BF6004F84CE /* Frameworks */,
				6C00F31B25E92BF6004F84CE /* Resources */,
			);
			buildRules = (
			);
			dependencies = (
			);
			name = GraphQLApp;
			productName = GraphQLApp;
			productReference = 6C00F31D25E92BF6004F84CE /* GraphQLApp.app */;
			productType = "com.apple.product-type.application";
		};
		6C00F32D25E92BF7004F84CE /* GraphQLAppTests */ = {
			isa = PBXNativeTarget;
			buildConfigurationList = 6C00F34525E92BF8004F84CE /* Build configuration list for PBXNativeTarget "GraphQLAppTests" */;
			buildPhases = (
				6C00F32A25E92BF7004F84CE /* Sources */,
				6C00F32B25E92BF7004F84CE /* Frameworks */,
				6C00F32C25E92BF7004F84CE /* Resources */,
			);
			buildRules = (
			);
			dependencies = (
				6C00F33025E92BF7004F84CE /* PBXTargetDependency */,
			);
			name = GraphQLAppTests;
			productName = GraphQLAppTests;
			productReference = 6C00F32E25E92BF7004F84CE /* GraphQLAppTests.xctest */;
			productType = "com.apple.product-type.bundle.unit-test";
		};
		6C00F33825E92BF7004F84CE /* GraphQLAppUITests */ = {
			isa = PBXNativeTarget;
			buildConfigurationList = 6C00F34825E92BF8004F84CE /* Build configuration list for PBXNativeTarget "GraphQLAppUITests" */;
			buildPhases = (
				6C00F33525E92BF7004F84CE /* Sources */,
				6C00F33625E92BF7004F84CE /* Frameworks */,
				6C00F33725E92BF7004F84CE /* Resources */,
			);
			buildRules = (
			);
			dependencies = (
				6C00F33B25E92BF8004F84CE /* PBXTargetDependency */,
			);
			name = GraphQLAppUITests;
			productName = GraphQLAppUITests;
			productReference = 6C00F33925E92BF8004F84CE /* GraphQLAppUITests.xctest */;
			productType = "com.apple.product-type.bundle.ui-testing";
		};
/* End PBXNativeTarget section */

/* Begin PBXProject section */
		6C00F31525E92BF6004F84CE /* Project object */ = {
			isa = PBXProject;
			attributes = {
				LastSwiftUpdateCheck = 1240;
				LastUpgradeCheck = 1240;
				TargetAttributes = {
					6C00F31C25E92BF6004F84CE = {
						CreatedOnToolsVersion = 12.4;
					};
					6C00F32D25E92BF7004F84CE = {
						CreatedOnToolsVersion = 12.4;
						TestTargetID = 6C00F31C25E92BF6004F84CE;
					};
					6C00F33825E92BF7004F84CE = {
						CreatedOnToolsVersion = 12.4;
						TestTargetID = 6C00F31C25E92BF6004F84CE;
					};
				};
			};
			buildConfigurationList = 6C00F31825E92BF6004F84CE /* Build configuration list for PBXProject "GraphQLApp" */;
			compatibilityVersion = "Xcode 9.3";
			developmentRegion = en;
			hasScannedForEncodings = 0;
			knownRegions = (
				en,
				Base,
			);
			mainGroup = 6C00F31425E92BF6004F84CE;
			productRefGroup = 6C00F31E25E92BF6004F84CE /* Products */;
			projectDirPath = "";
			projectRoot = "";
			targets = (
				6C00F31C25E92BF6004F84CE /* GraphQLApp */,
				6C00F32D25E92BF7004F84CE /* GraphQLAppTests */,
				6C00F33825E92BF7004F84CE /* GraphQLAppUITests */,
			);
		};
/* End PBXProject section */

/* Begin PBXResourcesBuildPhase section */
		6C00F31B25E92BF6004F84CE /* Resources */ = {
			isa = PBXResourcesBuildPhase;
			buildActionMask = 2147483647;
			files = (
				6C00F32825E92BF7004F84CE /* Preview Assets.xcassets in Resources */,
				6C00F32525E92BF7004F84CE /* Assets.xcassets in Resources */,
			);
			runOnlyForDeploymentPostprocessing = 0;
		};
		6C00F32C25E92BF7004F84CE /* Resources */ = {
			isa = PBXResourcesBuildPhase;
			buildActionMask = 2147483647;
			files = (
			);
			runOnlyForDeploymentPostprocessing = 0;
		};
		6C00F33725E92BF7004F84CE /* Resources */ = {
			isa = PBXResourcesBuildPhase;
			buildActionMask = 2147483647;
			files = (
			);
			runOnlyForDeploymentPostprocessing = 0;
		};
/* End PBXResourcesBuildPhase section */

/* Begin PBXSourcesBuildPhase section */
		6C00F31925E92BF6004F84CE /* Sources */ = {
			isa = PBXSourcesBuildPhase;
			buildActionMask = 2147483647;
			files = (
				6C855F9425E9311000ACC998 /* GraphqlEndpoint.swift in Sources */,
				6C855F8025E9308100ACC998 /* Book.swift in Sources */,
				6C00F32325E92BF6004F84CE /* ContentView.swift in Sources */,
				6C00F32125E92BF6004F84CE /* GraphQLAppApp.swift in Sources */,
				6C855F7B25E9304100ACC998 /* Network.swift in Sources */,
				6C855F8F25E9310300ACC998 /* Response.swift in Sources */,
				6C855F8725E930E700ACC998 /* Author.swift in Sources */,
			);
			runOnlyForDeploymentPostprocessing = 0;
		};
		6C00F32A25E92BF7004F84CE /* Sources */ = {
			isa = PBXSourcesBuildPhase;
			buildActionMask = 2147483647;
			files = (
				6C00F33325E92BF7004F84CE /* GraphQLAppTests.swift in Sources */,
			);
			runOnlyForDeploymentPostprocessing = 0;
		};
		6C00F33525E92BF7004F84CE /* Sources */ = {
			isa = PBXSourcesBuildPhase;
			buildActionMask = 2147483647;
			files = (
				6C00F33E25E92BF8004F84CE /* GraphQLAppUITests.swift in Sources */,
			);
			runOnlyForDeploymentPostprocessing = 0;
		};
/* End PBXSourcesBuildPhase section */

/* Begin PBXTargetDependency section */
		6C00F33025E92BF7004F84CE /* PBXTargetDependency */ = {
			isa = PBXTargetDependency;
			target = 6C00F31C25E92BF6004F84CE /* GraphQLApp */;
			targetProxy = 6C00F32F25E92BF7004F84CE /* PBXContainerItemProxy */;
		};
		6C00F33B25E92BF8004F84CE /* PBXTargetDependency */ = {
			isa = PBXTargetDependency;
			target = 6C00F31C25E92BF6004F84CE /* GraphQLApp */;
			targetProxy = 6C00F33A25E92BF8004F84CE /* PBXContainerItemProxy */;
		};
/* End PBXTargetDependency section */

/* Begin XCBuildConfiguration section */
		6C00F34025E92BF8004F84CE /* Debug */ = {
			isa = XCBuildConfiguration;
			buildSettings = {
				ALWAYS_SEARCH_USER_PATHS = NO;
				CLANG_ANALYZER_NONNULL = YES;
				CLANG_ANALYZER_NUMBER_OBJECT_CONVERSION = YES_AGGRESSIVE;
				CLANG_CXX_LANGUAGE_STANDARD = "gnu++14";
				CLANG_CXX_LIBRARY = "libc++";
				CLANG_ENABLE_MODULES = YES;
				CLANG_ENABLE_OBJC_ARC = YES;
				CLANG_ENABLE_OBJC_WEAK = YES;
				CLANG_WARN_BLOCK_CAPTURE_AUTORELEASING = YES;
				CLANG_WARN_BOOL_CONVERSION = YES;
				CLANG_WARN_COMMA = YES;
				CLANG_WARN_CONSTANT_CONVERSION = YES;
				CLANG_WARN_DEPRECATED_OBJC_IMPLEMENTATIONS = YES;
				CLANG_WARN_DIRECT_OBJC_ISA_USAGE = YES_ERROR;
				CLANG_WARN_DOCUMENTATION_COMMENTS = YES;
				CLANG_WARN_EMPTY_BODY = YES;
				CLANG_WARN_ENUM_CONVERSION = YES;
				CLANG_WARN_INFINITE_RECURSION = YES;
				CLANG_WARN_INT_CONVERSION = YES;
				CLANG_WARN_NON_LITERAL_NULL_CONVERSION = YES;
				CLANG_WARN_OBJC_IMPLICIT_RETAIN_SELF = YES;
				CLANG_WARN_OBJC_LITERAL_CONVERSION = YES;
				CLANG_WARN_OBJC_ROOT_CLASS = YES_ERROR;
				CLANG_WARN_QUOTED_INCLUDE_IN_FRAMEWORK_HEADER = YES;
				CLANG_WARN_RANGE_LOOP_ANALYSIS = YES;
				CLANG_WARN_STRICT_PROTOTYPES = YES;
				CLANG_WARN_SUSPICIOUS_MOVE = YES;
				CLANG_WARN_UNGUARDED_AVAILABILITY = YES_AGGRESSIVE;
				CLANG_WARN_UNREACHABLE_CODE = YES;
				CLANG_WARN__DUPLICATE_METHOD_MATCH = YES;
				COPY_PHASE_STRIP = NO;
				DEBUG_INFORMATION_FORMAT = dwarf;
				ENABLE_STRICT_OBJC_MSGSEND = YES;
				ENABLE_TESTABILITY = YES;
				GCC_C_LANGUAGE_STANDARD = gnu11;
				GCC_DYNAMIC_NO_PIC = NO;
				GCC_NO_COMMON_BLOCKS = YES;
				GCC_OPTIMIZATION_LEVEL = 0;
				GCC_PREPROCESSOR_DEFINITIONS = (
					"DEBUG=1",
					"$(inherited)",
				);
				GCC_WARN_64_TO_32_BIT_CONVERSION = YES;
				GCC_WARN_ABOUT_RETURN_TYPE = YES_ERROR;
				GCC_WARN_UNDECLARED_SELECTOR = YES;
				GCC_WARN_UNINITIALIZED_AUTOS = YES_AGGRESSIVE;
				GCC_WARN_UNUSED_FUNCTION = YES;
				GCC_WARN_UNUSED_VARIABLE = YES;
				IPHONEOS_DEPLOYMENT_TARGET = 14.4;
				MTL_ENABLE_DEBUG_INFO = INCLUDE_SOURCE;
				MTL_FAST_MATH = YES;
				ONLY_ACTIVE_ARCH = YES;
				SDKROOT = iphoneos;
				SWIFT_ACTIVE_COMPILATION_CONDITIONS = DEBUG;
				SWIFT_OPTIMIZATION_LEVEL = "-Onone";
			};
			name = Debug;
		};
		6C00F34125E92BF8004F84CE /* Release */ = {
			isa = XCBuildConfiguration;
			buildSettings = {
				ALWAYS_SEARCH_USER_PATHS = NO;
				CLANG_ANALYZER_NONNULL = YES;
				CLANG_ANALYZER_NUMBER_OBJECT_CONVERSION = YES_AGGRESSIVE;
				CLANG_CXX_LANGUAGE_STANDARD = "gnu++14";
				CLANG_CXX_LIBRARY = "libc++";
				CLANG_ENABLE_MODULES = YES;
				CLANG_ENABLE_OBJC_ARC = YES;
				CLANG_ENABLE_OBJC_WEAK = YES;
				CLANG_WARN_BLOCK_CAPTURE_AUTORELEASING = YES;
				CLANG_WARN_BOOL_CONVERSION = YES;
				CLANG_WARN_COMMA = YES;
				CLANG_WARN_CONSTANT_CONVERSION = YES;
				CLANG_WARN_DEPRECATED_OBJC_IMPLEMENTATIONS = YES;
				CLANG_WARN_DIRECT_OBJC_ISA_USAGE = YES_ERROR;
				CLANG_WARN_DOCUMENTATION_COMMENTS = YES;
				CLANG_WARN_EMPTY_BODY = YES;
				CLANG_WARN_ENUM_CONVERSION = YES;
				CLANG_WARN_INFINITE_RECURSION = YES;
				CLANG_WARN_INT_CONVERSION = YES;
				CLANG_WARN_NON_LITERAL_NULL_CONVERSION = YES;
				CLANG_WARN_OBJC_IMPLICIT_RETAIN_SELF = YES;
				CLANG_WARN_OBJC_LITERAL_CONVERSION = YES;
				CLANG_WARN_OBJC_ROOT_CLASS = YES_ERROR;
				CLANG_WARN_QUOTED_INCLUDE_IN_FRAMEWORK_HEADER = YES;
				CLANG_WARN_RANGE_LOOP_ANALYSIS = YES;
				CLANG_WARN_STRICT_PROTOTYPES = YES;
				CLANG_WARN_SUSPICIOUS_MOVE = YES;
				CLANG_WARN_UNGUARDED_AVAILABILITY = YES_AGGRESSIVE;
				CLANG_WARN_UNREACHABLE_CODE = YES;
				CLANG_WARN__DUPLICATE_METHOD_MATCH = YES;
				COPY_PHASE_STRIP = NO;
				DEBUG_INFORMATION_FORMAT = "dwarf-with-dsym";
				ENABLE_NS_ASSERTIONS = NO;
				ENABLE_STRICT_OBJC_MSGSEND = YES;
				GCC_C_LANGUAGE_STANDARD = gnu11;
				GCC_NO_COMMON_BLOCKS = YES;
				GCC_WARN_64_TO_32_BIT_CONVERSION = YES;
				GCC_WARN_ABOUT_RETURN_TYPE = YES_ERROR;
				GCC_WARN_UNDECLARED_SELECTOR = YES;
				GCC_WARN_UNINITIALIZED_AUTOS = YES_AGGRESSIVE;
				GCC_WARN_UNUSED_FUNCTION = YES;
				GCC_WARN_UNUSED_VARIABLE = YES;
				IPHONEOS_DEPLOYMENT_TARGET = 14.4;
				MTL_ENABLE_DEBUG_INFO = NO;
				MTL_FAST_MATH = YES;
				SDKROOT = iphoneos;
				SWIFT_COMPILATION_MODE = wholemodule;
				SWIFT_OPTIMIZATION_LEVEL = "-O";
				VALIDATE_PRODUCT = YES;
			};
			name = Release;
		};
		6C00F34325E92BF8004F84CE /* Debug */ = {
			isa = XCBuildConfiguration;
			buildSettings = {
				ASSETCATALOG_COMPILER_APPICON_NAME = AppIcon;
				ASSETCATALOG_COMPILER_GLOBAL_ACCENT_COLOR_NAME = AccentColor;
				CODE_SIGN_STYLE = Automatic;
				DEVELOPMENT_ASSET_PATHS = "\"GraphQLApp/Preview Content\"";
				ENABLE_PREVIEWS = YES;
				INFOPLIST_FILE = GraphQLApp/Info.plist;
				IPHONEOS_DEPLOYMENT_TARGET = 14.4;
				LD_RUNPATH_SEARCH_PATHS = (
					"$(inherited)",
					"@executable_path/Frameworks",
				);
				PRODUCT_BUNDLE_IDENTIFIER = cl.relative.GraphQLApp;
				PRODUCT_NAME = "$(TARGET_NAME)";
				SWIFT_VERSION = 5.0;
				TARGETED_DEVICE_FAMILY = "1,2";
			};
			name = Debug;
		};
		6C00F34425E92BF8004F84CE /* Release */ = {
			isa = XCBuildConfiguration;
			buildSettings = {
				ASSETCATALOG_COMPILER_APPICON_NAME = AppIcon;
				ASSETCATALOG_COMPILER_GLOBAL_ACCENT_COLOR_NAME = AccentColor;
				CODE_SIGN_STYLE = Automatic;
				DEVELOPMENT_ASSET_PATHS = "\"GraphQLApp/Preview Content\"";
				ENABLE_PREVIEWS = YES;
				INFOPLIST_FILE = GraphQLApp/Info.plist;
				IPHONEOS_DEPLOYMENT_TARGET = 14.4;
				LD_RUNPATH_SEARCH_PATHS = (
					"$(inherited)",
					"@executable_path/Frameworks",
				);
				PRODUCT_BUNDLE_IDENTIFIER = cl.relative.GraphQLApp;
				PRODUCT_NAME = "$(TARGET_NAME)";
				SWIFT_VERSION = 5.0;
				TARGETED_DEVICE_FAMILY = "1,2";
			};
			name = Release;
		};
		6C00F34625E92BF8004F84CE /* Debug */ = {
			isa = XCBuildConfiguration;
			buildSettings = {
				ALWAYS_EMBED_SWIFT_STANDARD_LIBRARIES = YES;
				BUNDLE_LOADER = "$(TEST_HOST)";
				CODE_SIGN_STYLE = Automatic;
				INFOPLIST_FILE = GraphQLAppTests/Info.plist;
				IPHONEOS_DEPLOYMENT_TARGET = 14.4;
				LD_RUNPATH_SEARCH_PATHS = (
					"$(inherited)",
					"@executable_path/Frameworks",
					"@loader_path/Frameworks",
				);
				PRODUCT_BUNDLE_IDENTIFIER = cl.relative.GraphQLAppTests;
				PRODUCT_NAME = "$(TARGET_NAME)";
				SWIFT_VERSION = 5.0;
				TARGETED_DEVICE_FAMILY = "1,2";
				TEST_HOST = "$(BUILT_PRODUCTS_DIR)/GraphQLApp.app/GraphQLApp";
			};
			name = Debug;
		};
		6C00F34725E92BF8004F84CE /* Release */ = {
			isa = XCBuildConfiguration;
			buildSettings = {
				ALWAYS_EMBED_SWIFT_STANDARD_LIBRARIES = YES;
				BUNDLE_LOADER = "$(TEST_HOST)";
				CODE_SIGN_STYLE = Automatic;
				INFOPLIST_FILE = GraphQLAppTests/Info.plist;
				IPHONEOS_DEPLOYMENT_TARGET = 14.4;
				LD_RUNPATH_SEARCH_PATHS = (
					"$(inherited)",
					"@executable_path/Frameworks",
					"@loader_path/Frameworks",
				);
				PRODUCT_BUNDLE_IDENTIFIER = cl.relative.GraphQLAppTests;
				PRODUCT_NAME = "$(TARGET_NAME)";
				SWIFT_VERSION = 5.0;
				TARGETED_DEVICE_FAMILY = "1,2";
				TEST_HOST = "$(BUILT_PRODUCTS_DIR)/GraphQLApp.app/GraphQLApp";
			};
			name = Release;
		};
		6C00F34925E92BF8004F84CE /* Debug */ = {
			isa = XCBuildConfiguration;
			buildSettings = {
				ALWAYS_EMBED_SWIFT_STANDARD_LIBRARIES = YES;
				CODE_SIGN_STYLE = Automatic;
				INFOPLIST_FILE = GraphQLAppUITests/Info.plist;
				LD_RUNPATH_SEARCH_PATHS = (
					"$(inherited)",
					"@executable_path/Frameworks",
					"@loader_path/Frameworks",
				);
				PRODUCT_BUNDLE_IDENTIFIER = cl.relative.GraphQLAppUITests;
				PRODUCT_NAME = "$(TARGET_NAME)";
				SWIFT_VERSION = 5.0;
				TARGETED_DEVICE_FAMILY = "1,2";
				TEST_TARGET_NAME = GraphQLApp;
			};
			name = Debug;
		};
		6C00F34A25E92BF8004F84CE /* Release */ = {
			isa = XCBuildConfiguration;
			buildSettings = {
				ALWAYS_EMBED_SWIFT_STANDARD_LIBRARIES = YES;
				CODE_SIGN_STYLE = Automatic;
				INFOPLIST_FILE = GraphQLAppUITests/Info.plist;
				LD_RUNPATH_SEARCH_PATHS = (
					"$(inherited)",
					"@executable_path/Frameworks",
					"@loader_path/Frameworks",
				);
				PRODUCT_BUNDLE_IDENTIFIER = cl.relative.GraphQLAppUITests;
				PRODUCT_NAME = "$(TARGET_NAME)";
				SWIFT_VERSION = 5.0;
				TARGETED_DEVICE_FAMILY = "1,2";
				TEST_TARGET_NAME = GraphQLApp;
			};
			name = Release;
		};
/* End XCBuildConfiguration section */

/* Begin XCConfigurationList section */
		6C00F31825E92BF6004F84CE /* Build configuration list for PBXProject "GraphQLApp" */ = {
			isa = XCConfigurationList;
			buildConfigurations = (
				6C00F34025E92BF8004F84CE /* Debug */,
				6C00F34125E92BF8004F84CE /* Release */,
			);
			defaultConfigurationIsVisible = 0;
			defaultConfigurationName = Release;
		};
		6C00F34225E92BF8004F84CE /* Build configuration list for PBXNativeTarget "GraphQLApp" */ = {
			isa = XCConfigurationList;
			buildConfigurations = (
				6C00F34325E92BF8004F84CE /* Debug */,
				6C00F34425E92BF8004F84CE /* Release */,
			);
			defaultConfigurationIsVisible = 0;
			defaultConfigurationName = Release;
		};
		6C00F34525E92BF8004F84CE /* Build configuration list for PBXNativeTarget "GraphQLAppTests" */ = {
			isa = XCConfigurationList;
			buildConfigurations = (
				6C00F34625E92BF8004F84CE /* Debug */,
				6C00F34725E92BF8004F84CE /* Release */,
			);
			defaultConfigurationIsVisible = 0;
			defaultConfigurationName = Release;
		};
		6C00F34825E92BF8004F84CE /* Build configuration list for PBXNativeTarget "GraphQLAppUITests" */ = {
			isa = XCConfigurationList;
			buildConfigurations = (
				6C00F34925E92BF8004F84CE /* Debug */,
				6C00F34A25E92BF8004F84CE /* Release */,
			);
			defaultConfigurationIsVisible = 0;
			defaultConfigurationName = Release;
		};
/* End XCConfigurationList section */
	};
	rootObject = 6C00F31525E92BF6004F84CE /* Project object */;
}
